
Microsoft Visual Studio Solution File, Format Version 12.00
# Visual Studio Version 17
VisualStudioVersion = 17.11.35312.102
MinimumVisualStudioVersion = 10.0.40219.1
Project("{FAE04EC0-301F-11D3-BF4B-00C04F79EFBC}") = "POOI_Problema06", "POOI_Problema06\POOI_Problema06.csproj", "{6DD2D27F-AB4E-4229-BCD4-2860CE5F208F}"
EndProject
Global
	GlobalSection(SolutionConfigurationPlatforms) = preSolution
		Debug|Any CPU = Debug|Any CPU
		Release|Any CPU = Release|Any CPU
	EndGlobalSection
	GlobalSection(ProjectConfigurationPlatforms) = postSolution
		{6DD2D27F-AB4E-4229-BCD4-2860CE5F208F}.Debug|Any CPU.ActiveCfg = Debug|Any CPU
		{6DD2D27F-AB4E-4229-BCD4-2860CE5F208F}.Debug|Any CPU.Build.0 = Debug|Any CPU
		{6DD2D27F-AB4E-4229-BCD4-2860CE5F208F}.Release|Any CPU.ActiveCfg = Release|Any CPU
		{6DD2D27F-AB4E-4229-BCD4-2860CE5F208F}.Release|Any CPU.Build.0 = Release|Any CPU
	EndGlobalSection
	GlobalSection(SolutionProperties) = preSolution
		HideSolutionNode = FALSE
	EndGlobalSection
	GlobalSection(ExtensibilityGlobals) = postSolution
		SolutionGuid = {00AE8037-0D92-4B7E-AD6F-C28CED9F1B01}
	EndGlobalSection
EndGlobal
