
Microsoft Visual Studio Solution File, Format Version 12.00
# Visual Studio Version 17
VisualStudioVersion = 17.11.35312.102
MinimumVisualStudioVersion = 10.0.40219.1
Project("{FAE04EC0-301F-11D3-BF4B-00C04F79EFBC}") = "POOI_Problema09", "POOI_Problema09\POOI_Problema09.csproj", "{4BE09D7B-0B03-4A51-AC65-3D4373C61135}"
EndProject
Global
	GlobalSection(SolutionConfigurationPlatforms) = preSolution
		Debug|Any CPU = Debug|Any CPU
		Release|Any CPU = Release|Any CPU
	EndGlobalSection
	GlobalSection(ProjectConfigurationPlatforms) = postSolution
		{4BE09D7B-0B03-4A51-AC65-3D4373C61135}.Debug|Any CPU.ActiveCfg = Debug|Any CPU
		{4BE09D7B-0B03-4A51-AC65-3D4373C61135}.Debug|Any CPU.Build.0 = Debug|Any CPU
		{4BE09D7B-0B03-4A51-AC65-3D4373C61135}.Release|Any CPU.ActiveCfg = Release|Any CPU
		{4BE09D7B-0B03-4A51-AC65-3D4373C61135}.Release|Any CPU.Build.0 = Release|Any CPU
	EndGlobalSection
	GlobalSection(SolutionProperties) = preSolution
		HideSolutionNode = FALSE
	EndGlobalSection
	GlobalSection(ExtensibilityGlobals) = postSolution
		SolutionGuid = {0253ED7F-49C6-4672-A3EE-944FACC7D411}
	EndGlobalSection
EndGlobal
